{
  "pins" : [
    {
      "identity" : "swift-collections",
      "kind" : "remoteSourceControl",
      "location" : "https://github.com/apple/swift-collections",
      "state" : {
        "revision" : "937e904258d22af6e447a0b72c0bc67583ef64a2",
        "version" : "1.0.4"
      }
    },
    {
      "identity" : "tuple-sequences-swift",
      "kind" : "remoteSourceControl",
      "location" : "https://github.com/nixberg/tuple-sequences-swift",
      "state" : {
        "revision" : "437df02bc51c76bdbe400767e24d9ae3bad7207a",
        "version" : "1.1.0"
      }
    }
  ],
  "version" : 2
}
